<?xml version="1.0" encoding="utf-8"?>
<Project ToolsVersion="4.0" xmlns="http://schemas.microsoft.com/developer/msbuild/2003">
  <ItemGroup>
    <ClInclude Include="v8vm.h" />
    <ClInclude Include="smart_contract.h" />
    <ClInclude Include="virtual_mation.h" />
    <ClInclude Include="v8environment.h" />
    <ClInclude Include="util.h" />
    <ClInclude Include="v8vm_internal.h" />
    <ClInclude Include="v8vmex.h" />
    <ClInclude Include="platform.h" />
  </ItemGroup>
  <ItemGroup>
    <ClCompile Include="v8vm.cpp" />
    <ClCompile Include="smart_contract.cpp" />
    <ClCompile Include="virtual_mation.cpp" />
    <ClCompile Include="v8environment.cpp" />
    <ClCompile Include="util.cpp" />
    <ClCompile Include="v8vm_internal.cpp" />
    <ClCompile Include="v8vmex.cpp" />
  </ItemGroup>
  <ItemGroup>
    <Filter Include="gosrc">
      <UniqueIdentifier>{f4eea40e-043f-4d6b-8021-d821e44ae9cb}</UniqueIdentifier>
    </Filter>
  </ItemGroup>
  <ItemGroup>
    <None Include="gosrc\export_to_c.go">
      <Filter>gosrc</Filter>
    </None>
    <None Include="gosrc\stub_for_c.go">
      <Filter>gosrc</Filter>
    </None>
    <None Include="gosrc\stub_for_go.go">
      <Filter>gosrc</Filter>
    </None>
    <None Include="gosrc\v8vm_test.go">
      <Filter>gosrc</Filter>
    </None>
  </ItemGroup>
</Project>