<?xml version="1.0" encoding="utf-8"?>
<Project ToolsVersion="4.0" xmlns="http://schemas.microsoft.com/developer/msbuild/2003">
  <ItemGroup>
    <ClInclude Include="vm\array_buffer_allocator.h">
      <Filter>vm</Filter>
    </ClInclude>
    <ClInclude Include="vm\vm_platform.h">
      <Filter>vm</Filter>
    </ClInclude>
    <ClInclude Include="platform.h" />
    <ClInclude Include="smart_contract.h" />
    <ClInclude Include="v8environment.h" />
    <ClInclude Include="v8vm.h" />
    <ClInclude Include="v8vm_util.h" />
    <ClInclude Include="virtual_mation.h" />
    <ClInclude Include="v8vm_internal.h" />
    <ClInclude Include="v8vm_ex.h" />
    <ClInclude Include="vm_module.h" />
    <ClInclude Include="vm_util.h" />
    <ClInclude Include="module\v8vm_constants.h">
      <Filter>module</Filter>
    </ClInclude>
    <ClInclude Include="module\v8vm_javascript.h">
      <Filter>module</Filter>
    </ClInclude>
    <ClInclude Include="module\v8vm_code_cache.h">
      <Filter>module</Filter>
    </ClInclude>
  </ItemGroup>
  <ItemGroup>
    <ClCompile Include="vm\array_buffer_allocator.cpp">
      <Filter>vm</Filter>
    </ClCompile>
    <ClCompile Include="vm\test_module.cpp">
      <Filter>vm</Filter>
    </ClCompile>
    <ClCompile Include="vm\vm_platform.cpp">
      <Filter>vm</Filter>
    </ClCompile>
    <ClCompile Include="smart_contract.cpp" />
    <ClCompile Include="v8environment.cpp" />
    <ClCompile Include="v8vm.cpp" />
    <ClCompile Include="v8vm_util.cpp" />
    <ClCompile Include="virtual_mation.cpp" />
    <ClCompile Include="v8vm_internal.cpp" />
    <ClCompile Include="v8vm_ex.cpp" />
    <ClCompile Include="vm_module.cpp" />
    <ClCompile Include="vm_util.cpp" />
    <ClCompile Include="module\util_module.cpp">
      <Filter>module</Filter>
    </ClCompile>
    <ClCompile Include="module\symbols.cpp">
      <Filter>module</Filter>
    </ClCompile>
    <ClCompile Include="module\v8vm_constants.cpp">
      <Filter>module</Filter>
    </ClCompile>
    <ClCompile Include="module\v8vm_javascript.cpp">
      <Filter>module</Filter>
    </ClCompile>
    <ClCompile Include="module\v8vm_code_cache.cpp">
      <Filter>module</Filter>
    </ClCompile>
  </ItemGroup>
  <ItemGroup>
    <Filter Include="vm">
      <UniqueIdentifier>{e2a99120-4ad8-44a0-8790-4e7119311889}</UniqueIdentifier>
    </Filter>
    <Filter Include="jslib">
      <UniqueIdentifier>{93e25532-285e-47d3-aa32-e93ae77958fb}</UniqueIdentifier>
    </Filter>
    <Filter Include="jslib\internal">
      <UniqueIdentifier>{007c9b8b-06ae-49f2-bb86-3f05ce2f4c48}</UniqueIdentifier>
    </Filter>
    <Filter Include="module">
      <UniqueIdentifier>{f3517fa4-86c3-4029-ac41-cae5a2652ecf}</UniqueIdentifier>
    </Filter>
    <Filter Include="jslib\internal\bootstrap">
      <UniqueIdentifier>{c93873d0-17cd-4c6b-a56c-3019b43d316e}</UniqueIdentifier>
    </Filter>
  </ItemGroup>
  <ItemGroup>
    <None Include="jslib\internal\per_context.js">
      <Filter>jslib\internal</Filter>
    </None>
    <None Include="jslib\internal\bootstrap\loaders.js">
      <Filter>jslib\internal\bootstrap</Filter>
    </None>
  </ItemGroup>
</Project>